// !$*UTF8*$!
{
	archiveVersion = 1;
	classes = {
	};
	objectVersion = 56;
	objects = {

/* Begin PBXBuildFile section */
		22D9577B296C443C002C7B66 /* _SimpleArraySlot.swift in Sources */ = {isa = PBXBuildFile; fileRef = 22D95772296C443C002C7B66 /* _SimpleArraySlot.swift */; };
		22D9577C296C443C002C7B66 /* SimpleArray._Storage.swift in Sources */ = {isa = PBXBuildFile; fileRef = 22D95773296C443C002C7B66 /* SimpleArray._Storage.swift */; };
		22D9577D296C443C002C7B66 /* SimpleArray._UnsafeHandle.swift in Sources */ = {isa = PBXBuildFile; fileRef = 22D95774296C443C002C7B66 /* SimpleArray._UnsafeHandle.swift */; };
		22D9577E296C443C002C7B66 /* SimpleArray.docc in Sources */ = {isa = PBXBuildFile; fileRef = 22D95775296C443C002C7B66 /* SimpleArray.docc */; };
		22D9577F296C443C002C7B66 /* SimpleArray+Collection.swift in Sources */ = {isa = PBXBuildFile; fileRef = 22D95776296C443C002C7B66 /* SimpleArray+Collection.swift */; };
		22D95780296C443C002C7B66 /* _SimpleArrayBufferHeader.swift in Sources */ = {isa = PBXBuildFile; fileRef = 22D95777296C443C002C7B66 /* _SimpleArrayBufferHeader.swift */; };
		22D95781296C443C002C7B66 /* _SimpleArrayBuffer.swift in Sources */ = {isa = PBXBuildFile; fileRef = 22D95778296C443C002C7B66 /* _SimpleArrayBuffer.swift */; };
		22D95782296C443C002C7B66 /* SimpleArray.swift in Sources */ = {isa = PBXBuildFile; fileRef = 22D95779296C443C002C7B66 /* SimpleArray.swift */; };
		22D95785296C45E3002C7B66 /* Data_Structures.docc in Sources */ = {isa = PBXBuildFile; fileRef = 22D95784296C45E3002C7B66 /* Data_Structures.docc */; };
		22DC4547296C438D00526DD4 /* data_structures.framework in Frameworks */ = {isa = PBXBuildFile; fileRef = 22DC453C296C438D00526DD4 /* data_structures.framework */; };
		22DC454C296C438D00526DD4 /* SimpleArrayTests.swift in Sources */ = {isa = PBXBuildFile; fileRef = 22DC454B296C438D00526DD4 /* SimpleArrayTests.swift */; };
		22DC454D296C438D00526DD4 /* data_structures.h in Headers */ = {isa = PBXBuildFile; fileRef = 22DC453F296C438D00526DD4 /* data_structures.h */; settings = {ATTRIBUTES = (Public, ); }; };
/* End PBXBuildFile section */

/* Begin PBXContainerItemProxy section */
		22DC4548296C438D00526DD4 /* PBXContainerItemProxy */ = {
			isa = PBXContainerItemProxy;
			containerPortal = 22DC4533296C438D00526DD4 /* Project object */;
			proxyType = 1;
			remoteGlobalIDString = 22DC453B296C438D00526DD4;
			remoteInfo = "data-structures";
		};
/* End PBXContainerItemProxy section */

/* Begin PBXFileReference section */
		22D95772296C443C002C7B66 /* _SimpleArraySlot.swift */ = {isa = PBXFileReference; fileEncoding = 4; lastKnownFileType = sourcecode.swift; path = _SimpleArraySlot.swift; sourceTree = "<group>"; };
		22D95773296C443C002C7B66 /* SimpleArray._Storage.swift */ = {isa = PBXFileReference; fileEncoding = 4; lastKnownFileType = sourcecode.swift; path = SimpleArray._Storage.swift; sourceTree = "<group>"; };
		22D95774296C443C002C7B66 /* SimpleArray._UnsafeHandle.swift */ = {isa = PBXFileReference; fileEncoding = 4; lastKnownFileType = sourcecode.swift; path = SimpleArray._UnsafeHandle.swift; sourceTree = "<group>"; };
		22D95775296C443C002C7B66 /* SimpleArray.docc */ = {isa = PBXFileReference; lastKnownFileType = folder.documentationcatalog; path = SimpleArray.docc; sourceTree = "<group>"; };
		22D95776296C443C002C7B66 /* SimpleArray+Collection.swift */ = {isa = PBXFileReference; fileEncoding = 4; lastKnownFileType = sourcecode.swift; path = "SimpleArray+Collection.swift"; sourceTree = "<group>"; };
		22D95777296C443C002C7B66 /* _SimpleArrayBufferHeader.swift */ = {isa = PBXFileReference; fileEncoding = 4; lastKnownFileType = sourcecode.swift; path = _SimpleArrayBufferHeader.swift; sourceTree = "<group>"; };
		22D95778296C443C002C7B66 /* _SimpleArrayBuffer.swift */ = {isa = PBXFileReference; fileEncoding = 4; lastKnownFileType = sourcecode.swift; path = _SimpleArrayBuffer.swift; sourceTree = "<group>"; };
		22D95779296C443C002C7B66 /* SimpleArray.swift */ = {isa = PBXFileReference; fileEncoding = 4; lastKnownFileType = sourcecode.swift; path = SimpleArray.swift; sourceTree = "<group>"; };
		22D95784296C45E3002C7B66 /* Data_Structures.docc */ = {isa = PBXFileReference; lastKnownFileType = folder.documentationcatalog; path = Data_Structures.docc; sourceTree = "<group>"; };
		22DC453C296C438D00526DD4 /* data_structures.framework */ = {isa = PBXFileReference; explicitFileType = wrapper.framework; includeInIndex = 0; path = data_structures.framework; sourceTree = BUILT_PRODUCTS_DIR; };
		22DC453F296C438D00526DD4 /* data_structures.h */ = {isa = PBXFileReference; lastKnownFileType = sourcecode.c.h; path = data_structures.h; sourceTree = "<group>"; };
		22DC4546296C438D00526DD4 /* data-structuresTests.xctest */ = {isa = PBXFileReference; explicitFileType = wrapper.cfbundle; includeInIndex = 0; path = "data-structuresTests.xctest"; sourceTree = BUILT_PRODUCTS_DIR; };
		22DC454B296C438D00526DD4 /* SimpleArrayTests.swift */ = {isa = PBXFileReference; lastKnownFileType = sourcecode.swift; path = SimpleArrayTests.swift; sourceTree = "<group>"; };
/* End PBXFileReference section */

/* Begin PBXFrameworksBuildPhase section */
		22DC4539296C438D00526DD4 /* Frameworks */ = {
			isa = PBXFrameworksBuildPhase;
			buildActionMask = 2147483647;
			files = (
			);
			runOnlyForDeploymentPostprocessing = 0;
		};
		22DC4543296C438D00526DD4 /* Frameworks */ = {
			isa = PBXFrameworksBuildPhase;
			buildActionMask = 2147483647;
			files = (
				22DC4547296C438D00526DD4 /* data_structures.framework in Frameworks */,
			);
			runOnlyForDeploymentPostprocessing = 0;
		};
/* End PBXFrameworksBuildPhase section */

/* Begin PBXGroup section */
		22D95771296C443C002C7B66 /* SimpleArray */ = {
			isa = PBXGroup;
			children = (
				22D95772296C443C002C7B66 /* _SimpleArraySlot.swift */,
				22D95773296C443C002C7B66 /* SimpleArray._Storage.swift */,
				22D95774296C443C002C7B66 /* SimpleArray._UnsafeHandle.swift */,
				22D95775296C443C002C7B66 /* SimpleArray.docc */,
				22D95776296C443C002C7B66 /* SimpleArray+Collection.swift */,
				22D95777296C443C002C7B66 /* _SimpleArrayBufferHeader.swift */,
				22D95778296C443C002C7B66 /* _SimpleArrayBuffer.swift */,
				22D95779296C443C002C7B66 /* SimpleArray.swift */,
			);
			path = SimpleArray;
			sourceTree = "<group>";
		};
		22D95783296C45E3002C7B66 /* Documentation */ = {
			isa = PBXGroup;
			children = (
				22D95784296C45E3002C7B66 /* Data_Structures.docc */,
			);
			path = Documentation;
			sourceTree = "<group>";
		};
		22DC4532296C438D00526DD4 = {
			isa = PBXGroup;
			children = (
				22D95783296C45E3002C7B66 /* Documentation */,
				22DC453E296C438D00526DD4 /* Sources */,
				22DC454A296C438D00526DD4 /* Tests */,
				22DC453D296C438D00526DD4 /* Products */,
			);
			sourceTree = "<group>";
		};
		22DC453D296C438D00526DD4 /* Products */ = {
			isa = PBXGroup;
			children = (
				22DC453C296C438D00526DD4 /* data_structures.framework */,
				22DC4546296C438D00526DD4 /* data-structuresTests.xctest */,
			);
			name = Products;
			sourceTree = "<group>";
		};
		22DC453E296C438D00526DD4 /* Sources */ = {
			isa = PBXGroup;
			children = (
				22DC453F296C438D00526DD4 /* data_structures.h */,
				22D95771296C443C002C7B66 /* SimpleArray */,
			);
			path = Sources;
			sourceTree = "<group>";
		};
		22DC454A296C438D00526DD4 /* Tests */ = {
			isa = PBXGroup;
			children = (
				22DC454B296C438D00526DD4 /* SimpleArrayTests.swift */,
			);
			path = Tests;
			sourceTree = "<group>";
		};
/* End PBXGroup section */

/* Begin PBXHeadersBuildPhase section */
		22DC4537296C438D00526DD4 /* Headers */ = {
			isa = PBXHeadersBuildPhase;
			buildActionMask = 2147483647;
			files = (
				22DC454D296C438D00526DD4 /* data_structures.h in Headers */,
			);
			runOnlyForDeploymentPostprocessing = 0;
		};
/* End PBXHeadersBuildPhase section */

/* Begin PBXNativeTarget section */
		22DC453B296C438D00526DD4 /* data-structures */ = {
			isa = PBXNativeTarget;
			buildConfigurationList = 22DC4550296C438D00526DD4 /* Build configuration list for PBXNativeTarget "data-structures" */;
			buildPhases = (
				22DC4537296C438D00526DD4 /* Headers */,
				22DC4538296C438D00526DD4 /* Sources */,
				22DC4539296C438D00526DD4 /* Frameworks */,
				22DC453A296C438D00526DD4 /* Resources */,
			);
			buildRules = (
			);
			dependencies = (
			);
			name = "data-structures";
			productName = "data-structures";
			productReference = 22DC453C296C438D00526DD4 /* data_structures.framework */;
			productType = "com.apple.product-type.framework";
		};
		22DC4545296C438D00526DD4 /* data-structuresTests */ = {
			isa = PBXNativeTarget;
			buildConfigurationList = 22DC4553296C438D00526DD4 /* Build configuration list for PBXNativeTarget "data-structuresTests" */;
			buildPhases = (
				22DC4542296C438D00526DD4 /* Sources */,
				22DC4543296C438D00526DD4 /* Frameworks */,
				22DC4544296C438D00526DD4 /* Resources */,
			);
			buildRules = (
			);
			dependencies = (
				22DC4549296C438D00526DD4 /* PBXTargetDependency */,
			);
			name = "data-structuresTests";
			productName = "data-structuresTests";
			productReference = 22DC4546296C438D00526DD4 /* data-structuresTests.xctest */;
			productType = "com.apple.product-type.bundle.unit-test";
		};
/* End PBXNativeTarget section */

/* Begin PBXProject section */
		22DC4533296C438D00526DD4 /* Project object */ = {
			isa = PBXProject;
			attributes = {
				BuildIndependentTargetsInParallel = 1;
				LastSwiftUpdateCheck = 1410;
				LastUpgradeCheck = 1410;
				TargetAttributes = {
					22DC453B296C438D00526DD4 = {
						CreatedOnToolsVersion = 14.1;
					};
					22DC4545296C438D00526DD4 = {
						CreatedOnToolsVersion = 14.1;
					};
				};
			};
			buildConfigurationList = 22DC4536296C438D00526DD4 /* Build configuration list for PBXProject "data-structures" */;
			compatibilityVersion = "Xcode 14.0";
			developmentRegion = en;
			hasScannedForEncodings = 0;
			knownRegions = (
				en,
				Base,
			);
			mainGroup = 22DC4532296C438D00526DD4;
			productRefGroup = 22DC453D296C438D00526DD4 /* Products */;
			projectDirPath = "";
			projectRoot = "";
			targets = (
				22DC453B296C438D00526DD4 /* data-structures */,
				22DC4545296C438D00526DD4 /* data-structuresTests */,
			);
		};
/* End PBXProject section */

/* Begin PBXResourcesBuildPhase section */
		22DC453A296C438D00526DD4 /* Resources */ = {
			isa = PBXResourcesBuildPhase;
			buildActionMask = 2147483647;
			files = (
			);
			runOnlyForDeploymentPostprocessing = 0;
		};
		22DC4544296C438D00526DD4 /* Resources */ = {
			isa = PBXResourcesBuildPhase;
			buildActionMask = 2147483647;
			files = (
			);
			runOnlyForDeploymentPostprocessing = 0;
		};
/* End PBXResourcesBuildPhase section */

/* Begin PBXSourcesBuildPhase section */
		22DC4538296C438D00526DD4 /* Sources */ = {
			isa = PBXSourcesBuildPhase;
			buildActionMask = 2147483647;
			files = (
				22D95785296C45E3002C7B66 /* Data_Structures.docc in Sources */,
				22D9577F296C443C002C7B66 /* SimpleArray+Collection.swift in Sources */,
				22D9577C296C443C002C7B66 /* SimpleArray._Storage.swift in Sources */,
				22D95782296C443C002C7B66 /* SimpleArray.swift in Sources */,
				22D95780296C443C002C7B66 /* _SimpleArrayBufferHeader.swift in Sources */,
				22D9577D296C443C002C7B66 /* SimpleArray._UnsafeHandle.swift in Sources */,
				22D95781296C443C002C7B66 /* _SimpleArrayBuffer.swift in Sources */,
				22D9577E296C443C002C7B66 /* SimpleArray.docc in Sources */,
				22D9577B296C443C002C7B66 /* _SimpleArraySlot.swift in Sources */,
			);
			runOnlyForDeploymentPostprocessing = 0;
		};
		22DC4542296C438D00526DD4 /* Sources */ = {
			isa = PBXSourcesBuildPhase;
			buildActionMask = 2147483647;
			files = (
				22DC454C296C438D00526DD4 /* SimpleArrayTests.swift in Sources */,
			);
			runOnlyForDeploymentPostprocessing = 0;
		};
/* End PBXSourcesBuildPhase section */

/* Begin PBXTargetDependency section */
		22DC4549296C438D00526DD4 /* PBXTargetDependency */ = {
			isa = PBXTargetDependency;
			target = 22DC453B296C438D00526DD4 /* data-structures */;
			targetProxy = 22DC4548296C438D00526DD4 /* PBXContainerItemProxy */;
		};
/* End PBXTargetDependency section */

/* Begin XCBuildConfiguration section */
		22DC454E296C438D00526DD4 /* Debug */ = {
			isa = XCBuildConfiguration;
			buildSettings = {
				ALWAYS_SEARCH_USER_PATHS = NO;
				CLANG_ANALYZER_NONNULL = YES;
				CLANG_ANALYZER_NUMBER_OBJECT_CONVERSION = YES_AGGRESSIVE;
				CLANG_CXX_LANGUAGE_STANDARD = "gnu++20";
				CLANG_ENABLE_MODULES = YES;
				CLANG_ENABLE_OBJC_ARC = YES;
				CLANG_ENABLE_OBJC_WEAK = YES;
				CLANG_WARN_BLOCK_CAPTURE_AUTORELEASING = YES;
				CLANG_WARN_BOOL_CONVERSION = YES;
				CLANG_WARN_COMMA = YES;
				CLANG_WARN_CONSTANT_CONVERSION = YES;
				CLANG_WARN_DEPRECATED_OBJC_IMPLEMENTATIONS = YES;
				CLANG_WARN_DIRECT_OBJC_ISA_USAGE = YES_ERROR;
				CLANG_WARN_DOCUMENTATION_COMMENTS = YES;
				CLANG_WARN_EMPTY_BODY = YES;
				CLANG_WARN_ENUM_CONVERSION = YES;
				CLANG_WARN_INFINITE_RECURSION = YES;
				CLANG_WARN_INT_CONVERSION = YES;
				CLANG_WARN_NON_LITERAL_NULL_CONVERSION = YES;
				CLANG_WARN_OBJC_IMPLICIT_RETAIN_SELF = YES;
				CLANG_WARN_OBJC_LITERAL_CONVERSION = YES;
				CLANG_WARN_OBJC_ROOT_CLASS = YES_ERROR;
				CLANG_WARN_QUOTED_INCLUDE_IN_FRAMEWORK_HEADER = YES;
				CLANG_WARN_RANGE_LOOP_ANALYSIS = YES;
				CLANG_WARN_STRICT_PROTOTYPES = YES;
				CLANG_WARN_SUSPICIOUS_MOVE = YES;
				CLANG_WARN_UNGUARDED_AVAILABILITY = YES_AGGRESSIVE;
				CLANG_WARN_UNREACHABLE_CODE = YES;
				CLANG_WARN__DUPLICATE_METHOD_MATCH = YES;
				COPY_PHASE_STRIP = NO;
				CURRENT_PROJECT_VERSION = 1;
				DEBUG_INFORMATION_FORMAT = dwarf;
				ENABLE_STRICT_OBJC_MSGSEND = YES;
				ENABLE_TESTABILITY = YES;
				GCC_C_LANGUAGE_STANDARD = gnu11;
				GCC_DYNAMIC_NO_PIC = NO;
				GCC_NO_COMMON_BLOCKS = YES;
				GCC_OPTIMIZATION_LEVEL = 0;
				GCC_PREPROCESSOR_DEFINITIONS = (
					"DEBUG=1",
					"$(inherited)",
				);
				GCC_WARN_64_TO_32_BIT_CONVERSION = YES;
				GCC_WARN_ABOUT_RETURN_TYPE = YES_ERROR;
				GCC_WARN_UNDECLARED_SELECTOR = YES;
				GCC_WARN_UNINITIALIZED_AUTOS = YES_AGGRESSIVE;
				GCC_WARN_UNUSED_FUNCTION = YES;
				GCC_WARN_UNUSED_VARIABLE = YES;
				MTL_ENABLE_DEBUG_INFO = INCLUDE_SOURCE;
				MTL_FAST_MATH = YES;
				ONLY_ACTIVE_ARCH = YES;
				SWIFT_ACTIVE_COMPILATION_CONDITIONS = DEBUG;
				SWIFT_OPTIMIZATION_LEVEL = "-Onone";
				VERSIONING_SYSTEM = "apple-generic";
				VERSION_INFO_PREFIX = "";
			};
			name = Debug;
		};
		22DC454F296C438D00526DD4 /* Release */ = {
			isa = XCBuildConfiguration;
			buildSettings = {
				ALWAYS_SEARCH_USER_PATHS = NO;
				CLANG_ANALYZER_NONNULL = YES;
				CLANG_ANALYZER_NUMBER_OBJECT_CONVERSION = YES_AGGRESSIVE;
				CLANG_CXX_LANGUAGE_STANDARD = "gnu++20";
				CLANG_ENABLE_MODULES = YES;
				CLANG_ENABLE_OBJC_ARC = YES;
				CLANG_ENABLE_OBJC_WEAK = YES;
				CLANG_WARN_BLOCK_CAPTURE_AUTORELEASING = YES;
				CLANG_WARN_BOOL_CONVERSION = YES;
				CLANG_WARN_COMMA = YES;
				CLANG_WARN_CONSTANT_CONVERSION = YES;
				CLANG_WARN_DEPRECATED_OBJC_IMPLEMENTATIONS = YES;
				CLANG_WARN_DIRECT_OBJC_ISA_USAGE = YES_ERROR;
				CLANG_WARN_DOCUMENTATION_COMMENTS = YES;
				CLANG_WARN_EMPTY_BODY = YES;
				CLANG_WARN_ENUM_CONVERSION = YES;
				CLANG_WARN_INFINITE_RECURSION = YES;
				CLANG_WARN_INT_CONVERSION = YES;
				CLANG_WARN_NON_LITERAL_NULL_CONVERSION = YES;
				CLANG_WARN_OBJC_IMPLICIT_RETAIN_SELF = YES;
				CLANG_WARN_OBJC_LITERAL_CONVERSION = YES;
				CLANG_WARN_OBJC_ROOT_CLASS = YES_ERROR;
				CLANG_WARN_QUOTED_INCLUDE_IN_FRAMEWORK_HEADER = YES;
				CLANG_WARN_RANGE_LOOP_ANALYSIS = YES;
				CLANG_WARN_STRICT_PROTOTYPES = YES;
				CLANG_WARN_SUSPICIOUS_MOVE = YES;
				CLANG_WARN_UNGUARDED_AVAILABILITY = YES_AGGRESSIVE;
				CLANG_WARN_UNREACHABLE_CODE = YES;
				CLANG_WARN__DUPLICATE_METHOD_MATCH = YES;
				COPY_PHASE_STRIP = NO;
				CURRENT_PROJECT_VERSION = 1;
				DEBUG_INFORMATION_FORMAT = "dwarf-with-dsym";
				ENABLE_NS_ASSERTIONS = NO;
				ENABLE_STRICT_OBJC_MSGSEND = YES;
				GCC_C_LANGUAGE_STANDARD = gnu11;
				GCC_NO_COMMON_BLOCKS = YES;
				GCC_WARN_64_TO_32_BIT_CONVERSION = YES;
				GCC_WARN_ABOUT_RETURN_TYPE = YES_ERROR;
				GCC_WARN_UNDECLARED_SELECTOR = YES;
				GCC_WARN_UNINITIALIZED_AUTOS = YES_AGGRESSIVE;
				GCC_WARN_UNUSED_FUNCTION = YES;
				GCC_WARN_UNUSED_VARIABLE = YES;
				MTL_ENABLE_DEBUG_INFO = NO;
				MTL_FAST_MATH = YES;
				SWIFT_COMPILATION_MODE = wholemodule;
				SWIFT_OPTIMIZATION_LEVEL = "-O";
				VERSIONING_SYSTEM = "apple-generic";
				VERSION_INFO_PREFIX = "";
			};
			name = Release;
		};
		22DC4551296C438D00526DD4 /* Debug */ = {
			isa = XCBuildConfiguration;
			buildSettings = {
				CODE_SIGN_STYLE = Automatic;
				CURRENT_PROJECT_VERSION = 1;
				DEFINES_MODULE = YES;
				DEVELOPMENT_TEAM = 9M2PQ869PY;
				DYLIB_COMPATIBILITY_VERSION = 1;
				DYLIB_CURRENT_VERSION = 1;
				DYLIB_INSTALL_NAME_BASE = "@rpath";
				GENERATE_INFOPLIST_FILE = YES;
				INFOPLIST_KEY_NSHumanReadableCopyright = "";
				INSTALL_PATH = "$(LOCAL_LIBRARY_DIR)/Frameworks";
				IPHONEOS_DEPLOYMENT_TARGET = 16.1;
				LD_RUNPATH_SEARCH_PATHS = (
					"@executable_path/Frameworks",
					"@loader_path/Frameworks",
				);
				"LD_RUNPATH_SEARCH_PATHS[sdk=macosx*]" = (
					"@executable_path/../Frameworks",
					"@loader_path/Frameworks",
				);
				MACOSX_DEPLOYMENT_TARGET = 13.0;
				MARKETING_VERSION = 1.0;
				PRODUCT_BUNDLE_IDENTIFIER = "pyshnov.data-structures.data-structures";
				PRODUCT_NAME = "$(TARGET_NAME:c99extidentifier)";
				SDKROOT = auto;
				SKIP_INSTALL = YES;
				SUPPORTED_PLATFORMS = "iphoneos iphonesimulator macosx";
				SWIFT_EMIT_LOC_STRINGS = YES;
				SWIFT_VERSION = 5.0;
				TARGETED_DEVICE_FAMILY = "1,2";
			};
			name = Debug;
		};
		22DC4552296C438D00526DD4 /* Release */ = {
			isa = XCBuildConfiguration;
			buildSettings = {
				CODE_SIGN_STYLE = Automatic;
				CURRENT_PROJECT_VERSION = 1;
				DEFINES_MODULE = YES;
				DEVELOPMENT_TEAM = 9M2PQ869PY;
				DYLIB_COMPATIBILITY_VERSION = 1;
				DYLIB_CURRENT_VERSION = 1;
				DYLIB_INSTALL_NAME_BASE = "@rpath";
				GENERATE_INFOPLIST_FILE = YES;
				INFOPLIST_KEY_NSHumanReadableCopyright = "";
				INSTALL_PATH = "$(LOCAL_LIBRARY_DIR)/Frameworks";
				IPHONEOS_DEPLOYMENT_TARGET = 16.1;
				LD_RUNPATH_SEARCH_PATHS = (
					"@executable_path/Frameworks",
					"@loader_path/Frameworks",
				);
				"LD_RUNPATH_SEARCH_PATHS[sdk=macosx*]" = (
					"@executable_path/../Frameworks",
					"@loader_path/Frameworks",
				);
				MACOSX_DEPLOYMENT_TARGET = 13.0;
				MARKETING_VERSION = 1.0;
				PRODUCT_BUNDLE_IDENTIFIER = "pyshnov.data-structures.data-structures";
				PRODUCT_NAME = "$(TARGET_NAME:c99extidentifier)";
				SDKROOT = auto;
				SKIP_INSTALL = YES;
				SUPPORTED_PLATFORMS = "iphoneos iphonesimulator macosx";
				SWIFT_EMIT_LOC_STRINGS = YES;
				SWIFT_VERSION = 5.0;
				TARGETED_DEVICE_FAMILY = "1,2";
			};
			name = Release;
		};
		22DC4554296C438D00526DD4 /* Debug */ = {
			isa = XCBuildConfiguration;
			buildSettings = {
				ALWAYS_EMBED_SWIFT_STANDARD_LIBRARIES = YES;
				CODE_SIGN_STYLE = Automatic;
				CURRENT_PROJECT_VERSION = 1;
				DEVELOPMENT_TEAM = 9M2PQ869PY;
				GENERATE_INFOPLIST_FILE = YES;
				IPHONEOS_DEPLOYMENT_TARGET = 16.1;
				MACOSX_DEPLOYMENT_TARGET = 13.0;
				MARKETING_VERSION = 1.0;
				PRODUCT_BUNDLE_IDENTIFIER = "pyshnov.data-structures.data-structuresTests";
				PRODUCT_NAME = "$(TARGET_NAME)";
				SDKROOT = auto;
				SUPPORTED_PLATFORMS = "iphoneos iphonesimulator macosx";
				SWIFT_EMIT_LOC_STRINGS = NO;
				SWIFT_VERSION = 5.0;
				TARGETED_DEVICE_FAMILY = "1,2";
			};
			name = Debug;
		};
		22DC4555296C438D00526DD4 /* Release */ = {
			isa = XCBuildConfiguration;
			buildSettings = {
				ALWAYS_EMBED_SWIFT_STANDARD_LIBRARIES = YES;
				CODE_SIGN_STYLE = Automatic;
				CURRENT_PROJECT_VERSION = 1;
				DEVELOPMENT_TEAM = 9M2PQ869PY;
				GENERATE_INFOPLIST_FILE = YES;
				IPHONEOS_DEPLOYMENT_TARGET = 16.1;
				MACOSX_DEPLOYMENT_TARGET = 13.0;
				MARKETING_VERSION = 1.0;
				PRODUCT_BUNDLE_IDENTIFIER = "pyshnov.data-structures.data-structuresTests";
				PRODUCT_NAME = "$(TARGET_NAME)";
				SDKROOT = auto;
				SUPPORTED_PLATFORMS = "iphoneos iphonesimulator macosx";
				SWIFT_EMIT_LOC_STRINGS = NO;
				SWIFT_VERSION = 5.0;
				TARGETED_DEVICE_FAMILY = "1,2";
			};
			name = Release;
		};
/* End XCBuildConfiguration section */

/* Begin XCConfigurationList section */
		22DC4536296C438D00526DD4 /* Build configuration list for PBXProject "data-structures" */ = {
			isa = XCConfigurationList;
			buildConfigurations = (
				22DC454E296C438D00526DD4 /* Debug */,
				22DC454F296C438D00526DD4 /* Release */,
			);
			defaultConfigurationIsVisible = 0;
			defaultConfigurationName = Release;
		};
		22DC4550296C438D00526DD4 /* Build configuration list for PBXNativeTarget "data-structures" */ = {
			isa = XCConfigurationList;
			buildConfigurations = (
				22DC4551296C438D00526DD4 /* Debug */,
				22DC4552296C438D00526DD4 /* Release */,
			);
			defaultConfigurationIsVisible = 0;
			defaultConfigurationName = Release;
		};
		22DC4553296C438D00526DD4 /* Build configuration list for PBXNativeTarget "data-structuresTests" */ = {
			isa = XCConfigurationList;
			buildConfigurations = (
				22DC4554296C438D00526DD4 /* Debug */,
				22DC4555296C438D00526DD4 /* Release */,
			);
			defaultConfigurationIsVisible = 0;
			defaultConfigurationName = Release;
		};
/* End XCConfigurationList section */
	};
	rootObject = 22DC4533296C438D00526DD4 /* Project object */;
}
